// !$*UTF8*$!
{
	archiveVersion = 1;
	classes = {
	};
	objectVersion = 56;
	objects = {

/* Begin PBXBuildFile section */
		1D161B0D28DA1A4E0063C689 /* Toolbar.swift in Sources */ = {isa = PBXBuildFile; fileRef = 1D161B0C28DA1A4E0063C689 /* Toolbar.swift */; };
		1D161B1028DA22150063C689 /* Data.swift in Sources */ = {isa = PBXBuildFile; fileRef = 1D161B0F28DA22150063C689 /* Data.swift */; };
		1DC7F29D28D9E45F00948DCC /* counterApp.swift in Sources */ = {isa = PBXBuildFile; fileRef = 1DC7F29C28D9E45F00948DCC /* counterApp.swift */; };
		1DC7F29F28D9E45F00948DCC /* ContentView.swift in Sources */ = {isa = PBXBuildFile; fileRef = 1DC7F29E28D9E45F00948DCC /* ContentView.swift */; };
		1DC7F2A128D9E46300948DCC /* Assets.xcassets in Resources */ = {isa = PBXBuildFile; fileRef = 1DC7F2A028D9E46300948DCC /* Assets.xcassets */; };
		1DC7F2A428D9E46300948DCC /* Preview Assets.xcassets in Resources */ = {isa = PBXBuildFile; fileRef = 1DC7F2A328D9E46300948DCC /* Preview Assets.xcassets */; };
		1DC7F2AC28D9E4AC00948DCC /* AStack.swift in Sources */ = {isa = PBXBuildFile; fileRef = 1DC7F2AB28D9E4AC00948DCC /* AStack.swift */; };
		1DC7F2AE28D9E53400948DCC /* CounterBlock.swift in Sources */ = {isa = PBXBuildFile; fileRef = 1DC7F2AD28D9E53400948DCC /* CounterBlock.swift */; };
		1DC7F2B228D9EF7E00948DCC /* Settings.swift in Sources */ = {isa = PBXBuildFile; fileRef = 1DC7F2B128D9EF7E00948DCC /* Settings.swift */; };
/* End PBXBuildFile section */

/* Begin PBXFileReference section */
		1D161B0C28DA1A4E0063C689 /* Toolbar.swift */ = {isa = PBXFileReference; lastKnownFileType = sourcecode.swift; path = Toolbar.swift; sourceTree = "<group>"; };
		1D161B0F28DA22150063C689 /* Data.swift */ = {isa = PBXFileReference; lastKnownFileType = sourcecode.swift; path = Data.swift; sourceTree = "<group>"; };
		1DC7F29928D9E45F00948DCC /* counter.app */ = {isa = PBXFileReference; explicitFileType = wrapper.application; includeInIndex = 0; path = counter.app; sourceTree = BUILT_PRODUCTS_DIR; };
		1DC7F29C28D9E45F00948DCC /* counterApp.swift */ = {isa = PBXFileReference; lastKnownFileType = sourcecode.swift; path = counterApp.swift; sourceTree = "<group>"; };
		1DC7F29E28D9E45F00948DCC /* ContentView.swift */ = {isa = PBXFileReference; lastKnownFileType = sourcecode.swift; path = ContentView.swift; sourceTree = "<group>"; };
		1DC7F2A028D9E46300948DCC /* Assets.xcassets */ = {isa = PBXFileReference; lastKnownFileType = folder.assetcatalog; path = Assets.xcassets; sourceTree = "<group>"; };
		1DC7F2A328D9E46300948DCC /* Preview Assets.xcassets */ = {isa = PBXFileReference; lastKnownFileType = folder.assetcatalog; path = "Preview Assets.xcassets"; sourceTree = "<group>"; };
		1DC7F2AB28D9E4AC00948DCC /* AStack.swift */ = {isa = PBXFileReference; lastKnownFileType = sourcecode.swift; path = AStack.swift; sourceTree = "<group>"; };
		1DC7F2AD28D9E53400948DCC /* CounterBlock.swift */ = {isa = PBXFileReference; lastKnownFileType = sourcecode.swift; path = CounterBlock.swift; sourceTree = "<group>"; };
		1DC7F2B128D9EF7E00948DCC /* Settings.swift */ = {isa = PBXFileReference; lastKnownFileType = sourcecode.swift; path = Settings.swift; sourceTree = "<group>"; };
/* End PBXFileReference section */

/* Begin PBXFrameworksBuildPhase section */
		1DC7F29628D9E45F00948DCC /* Frameworks */ = {
			isa = PBXFrameworksBuildPhase;
			buildActionMask = 2147483647;
			files = (
			);
			runOnlyForDeploymentPostprocessing = 0;
		};
/* End PBXFrameworksBuildPhase section */

/* Begin PBXGroup section */
		1D161B0B28DA1A3C0063C689 /* Toolbar */ = {
			isa = PBXGroup;
			children = (
				1D161B0C28DA1A4E0063C689 /* Toolbar.swift */,
			);
			path = Toolbar;
			sourceTree = "<group>";
		};
		1D161B0E28DA21E50063C689 /* Data */ = {
			isa = PBXGroup;
			children = (
				1D161B0F28DA22150063C689 /* Data.swift */,
			);
			path = Data;
			sourceTree = "<group>";
		};
		1DC7F29028D9E45F00948DCC = {
			isa = PBXGroup;
			children = (
				1DC7F29B28D9E45F00948DCC /* counter */,
				1DC7F29A28D9E45F00948DCC /* Products */,
			);
			sourceTree = "<group>";
		};
		1DC7F29A28D9E45F00948DCC /* Products */ = {
			isa = PBXGroup;
			children = (
				1DC7F29928D9E45F00948DCC /* counter.app */,
			);
			name = Products;
			sourceTree = "<group>";
		};
		1DC7F29B28D9E45F00948DCC /* counter */ = {
			isa = PBXGroup;
			children = (
				1D161B0E28DA21E50063C689 /* Data */,
				1D161B0B28DA1A3C0063C689 /* Toolbar */,
				1DC7F2B028D9EF6200948DCC /* Settings */,
				1DC7F2AF28D9E57600948DCC /* Counter */,
				1DC7F2AA28D9E48C00948DCC /* Stacks */,
				1DC7F29C28D9E45F00948DCC /* counterApp.swift */,
				1DC7F29E28D9E45F00948DCC /* ContentView.swift */,
				1DC7F2A028D9E46300948DCC /* Assets.xcassets */,
				1DC7F2A228D9E46300948DCC /* Preview Content */,
			);
			path = counter;
			sourceTree = "<group>";
		};
		1DC7F2A228D9E46300948DCC /* Preview Content */ = {
			isa = PBXGroup;
			children = (
				1DC7F2A328D9E46300948DCC /* Preview Assets.xcassets */,
			);
			path = "Preview Content";
			sourceTree = "<group>";
		};
		1DC7F2AA28D9E48C00948DCC /* Stacks */ = {
			isa = PBXGroup;
			children = (
				1DC7F2AB28D9E4AC00948DCC /* AStack.swift */,
			);
			path = Stacks;
			sourceTree = "<group>";
		};
		1DC7F2AF28D9E57600948DCC /* Counter */ = {
			isa = PBXGroup;
			children = (
				1DC7F2AD28D9E53400948DCC /* CounterBlock.swift */,
			);
			path = Counter;
			sourceTree = "<group>";
		};
		1DC7F2B028D9EF6200948DCC /* Settings */ = {
			isa = PBXGroup;
			children = (
				1DC7F2B128D9EF7E00948DCC /* Settings.swift */,
			);
			path = Settings;
			sourceTree = "<group>";
		};
/* End PBXGroup section */

/* Begin PBXNativeTarget section */
		1DC7F29828D9E45F00948DCC /* counter */ = {
			isa = PBXNativeTarget;
			buildConfigurationList = 1DC7F2A728D9E46300948DCC /* Build configuration list for PBXNativeTarget "counter" */;
			buildPhases = (
				1DC7F29528D9E45F00948DCC /* Sources */,
				1DC7F29628D9E45F00948DCC /* Frameworks */,
				1DC7F29728D9E45F00948DCC /* Resources */,
			);
			buildRules = (
			);
			dependencies = (
			);
			name = counter;
			productName = counter;
			productReference = 1DC7F29928D9E45F00948DCC /* counter.app */;
			productType = "com.apple.product-type.application";
		};
/* End PBXNativeTarget section */

/* Begin PBXProject section */
		1DC7F29128D9E45F00948DCC /* Project object */ = {
			isa = PBXProject;
			attributes = {
				BuildIndependentTargetsInParallel = 1;
				LastSwiftUpdateCheck = 1400;
				LastUpgradeCheck = 1400;
				TargetAttributes = {
					1DC7F29828D9E45F00948DCC = {
						CreatedOnToolsVersion = 14.0;
					};
				};
			};
			buildConfigurationList = 1DC7F29428D9E45F00948DCC /* Build configuration list for PBXProject "counter" */;
			compatibilityVersion = "Xcode 14.0";
			developmentRegion = en;
			hasScannedForEncodings = 0;
			knownRegions = (
				en,
				Base,
			);
			mainGroup = 1DC7F29028D9E45F00948DCC;
			productRefGroup = 1DC7F29A28D9E45F00948DCC /* Products */;
			projectDirPath = "";
			projectRoot = "";
			targets = (
				1DC7F29828D9E45F00948DCC /* counter */,
			);
		};
/* End PBXProject section */

/* Begin PBXResourcesBuildPhase section */
		1DC7F29728D9E45F00948DCC /* Resources */ = {
			isa = PBXResourcesBuildPhase;
			buildActionMask = 2147483647;
			files = (
				1DC7F2A428D9E46300948DCC /* Preview Assets.xcassets in Resources */,
				1DC7F2A128D9E46300948DCC /* Assets.xcassets in Resources */,
			);
			runOnlyForDeploymentPostprocessing = 0;
		};
/* End PBXResourcesBuildPhase section */

/* Begin PBXSourcesBuildPhase section */
		1DC7F29528D9E45F00948DCC /* Sources */ = {
			isa = PBXSourcesBuildPhase;
			buildActionMask = 2147483647;
			files = (
				1D161B1028DA22150063C689 /* Data.swift in Sources */,
				1DC7F2AE28D9E53400948DCC /* CounterBlock.swift in Sources */,
				1DC7F29F28D9E45F00948DCC /* ContentView.swift in Sources */,
				1DC7F2AC28D9E4AC00948DCC /* AStack.swift in Sources */,
				1D161B0D28DA1A4E0063C689 /* Toolbar.swift in Sources */,
				1DC7F29D28D9E45F00948DCC /* counterApp.swift in Sources */,
				1DC7F2B228D9EF7E00948DCC /* Settings.swift in Sources */,
			);
			runOnlyForDeploymentPostprocessing = 0;
		};
/* End PBXSourcesBuildPhase section */

/* Begin XCBuildConfiguration section */
		1DC7F2A528D9E46300948DCC /* Debug */ = {
			isa = XCBuildConfiguration;
			buildSettings = {
				ALWAYS_SEARCH_USER_PATHS = NO;
				CLANG_ANALYZER_NONNULL = YES;
				CLANG_ANALYZER_NUMBER_OBJECT_CONVERSION = YES_AGGRESSIVE;
				CLANG_CXX_LANGUAGE_STANDARD = "gnu++20";
				CLANG_ENABLE_MODULES = YES;
				CLANG_ENABLE_OBJC_ARC = YES;
				CLANG_ENABLE_OBJC_WEAK = YES;
				CLANG_WARN_BLOCK_CAPTURE_AUTORELEASING = YES;
				CLANG_WARN_BOOL_CONVERSION = YES;
				CLANG_WARN_COMMA = YES;
				CLANG_WARN_CONSTANT_CONVERSION = YES;
				CLANG_WARN_DEPRECATED_OBJC_IMPLEMENTATIONS = YES;
				CLANG_WARN_DIRECT_OBJC_ISA_USAGE = YES_ERROR;
				CLANG_WARN_DOCUMENTATION_COMMENTS = YES;
				CLANG_WARN_EMPTY_BODY = YES;
				CLANG_WARN_ENUM_CONVERSION = YES;
				CLANG_WARN_INFINITE_RECURSION = YES;
				CLANG_WARN_INT_CONVERSION = YES;
				CLANG_WARN_NON_LITERAL_NULL_CONVERSION = YES;
				CLANG_WARN_OBJC_IMPLICIT_RETAIN_SELF = YES;
				CLANG_WARN_OBJC_LITERAL_CONVERSION = YES;
				CLANG_WARN_OBJC_ROOT_CLASS = YES_ERROR;
				CLANG_WARN_QUOTED_INCLUDE_IN_FRAMEWORK_HEADER = YES;
				CLANG_WARN_RANGE_LOOP_ANALYSIS = YES;
				CLANG_WARN_STRICT_PROTOTYPES = YES;
				CLANG_WARN_SUSPICIOUS_MOVE = YES;
				CLANG_WARN_UNGUARDED_AVAILABILITY = YES_AGGRESSIVE;
				CLANG_WARN_UNREACHABLE_CODE = YES;
				CLANG_WARN__DUPLICATE_METHOD_MATCH = YES;
				COPY_PHASE_STRIP = NO;
				DEBUG_INFORMATION_FORMAT = dwarf;
				ENABLE_STRICT_OBJC_MSGSEND = YES;
				ENABLE_TESTABILITY = YES;
				GCC_C_LANGUAGE_STANDARD = gnu11;
				GCC_DYNAMIC_NO_PIC = NO;
				GCC_NO_COMMON_BLOCKS = YES;
				GCC_OPTIMIZATION_LEVEL = 0;
				GCC_PREPROCESSOR_DEFINITIONS = (
					"DEBUG=1",
					"$(inherited)",
				);
				GCC_WARN_64_TO_32_BIT_CONVERSION = YES;
				GCC_WARN_ABOUT_RETURN_TYPE = YES_ERROR;
				GCC_WARN_UNDECLARED_SELECTOR = YES;
				GCC_WARN_UNINITIALIZED_AUTOS = YES_AGGRESSIVE;
				GCC_WARN_UNUSED_FUNCTION = YES;
				GCC_WARN_UNUSED_VARIABLE = YES;
				IPHONEOS_DEPLOYMENT_TARGET = 16.0;
				MTL_ENABLE_DEBUG_INFO = INCLUDE_SOURCE;
				MTL_FAST_MATH = YES;
				ONLY_ACTIVE_ARCH = YES;
				SDKROOT = iphoneos;
				SWIFT_ACTIVE_COMPILATION_CONDITIONS = DEBUG;
				SWIFT_OPTIMIZATION_LEVEL = "-Onone";
			};
			name = Debug;
		};
		1DC7F2A628D9E46300948DCC /* Release */ = {
			isa = XCBuildConfiguration;
			buildSettings = {
				ALWAYS_SEARCH_USER_PATHS = NO;
				CLANG_ANALYZER_NONNULL = YES;
				CLANG_ANALYZER_NUMBER_OBJECT_CONVERSION = YES_AGGRESSIVE;
				CLANG_CXX_LANGUAGE_STANDARD = "gnu++20";
				CLANG_ENABLE_MODULES = YES;
				CLANG_ENABLE_OBJC_ARC = YES;
				CLANG_ENABLE_OBJC_WEAK = YES;
				CLANG_WARN_BLOCK_CAPTURE_AUTORELEASING = YES;
				CLANG_WARN_BOOL_CONVERSION = YES;
				CLANG_WARN_COMMA = YES;
				CLANG_WARN_CONSTANT_CONVERSION = YES;
				CLANG_WARN_DEPRECATED_OBJC_IMPLEMENTATIONS = YES;
				CLANG_WARN_DIRECT_OBJC_ISA_USAGE = YES_ERROR;
				CLANG_WARN_DOCUMENTATION_COMMENTS = YES;
				CLANG_WARN_EMPTY_BODY = YES;
				CLANG_WARN_ENUM_CONVERSION = YES;
				CLANG_WARN_INFINITE_RECURSION = YES;
				CLANG_WARN_INT_CONVERSION = YES;
				CLANG_WARN_NON_LITERAL_NULL_CONVERSION = YES;
				CLANG_WARN_OBJC_IMPLICIT_RETAIN_SELF = YES;
				CLANG_WARN_OBJC_LITERAL_CONVERSION = YES;
				CLANG_WARN_OBJC_ROOT_CLASS = YES_ERROR;
				CLANG_WARN_QUOTED_INCLUDE_IN_FRAMEWORK_HEADER = YES;
				CLANG_WARN_RANGE_LOOP_ANALYSIS = YES;
				CLANG_WARN_STRICT_PROTOTYPES = YES;
				CLANG_WARN_SUSPICIOUS_MOVE = YES;
				CLANG_WARN_UNGUARDED_AVAILABILITY = YES_AGGRESSIVE;
				CLANG_WARN_UNREACHABLE_CODE = YES;
				CLANG_WARN__DUPLICATE_METHOD_MATCH = YES;
				COPY_PHASE_STRIP = NO;
				DEBUG_INFORMATION_FORMAT = "dwarf-with-dsym";
				ENABLE_NS_ASSERTIONS = NO;
				ENABLE_STRICT_OBJC_MSGSEND = YES;
				GCC_C_LANGUAGE_STANDARD = gnu11;
				GCC_NO_COMMON_BLOCKS = YES;
				GCC_WARN_64_TO_32_BIT_CONVERSION = YES;
				GCC_WARN_ABOUT_RETURN_TYPE = YES_ERROR;
				GCC_WARN_UNDECLARED_SELECTOR = YES;
				GCC_WARN_UNINITIALIZED_AUTOS = YES_AGGRESSIVE;
				GCC_WARN_UNUSED_FUNCTION = YES;
				GCC_WARN_UNUSED_VARIABLE = YES;
				IPHONEOS_DEPLOYMENT_TARGET = 16.0;
				MTL_ENABLE_DEBUG_INFO = NO;
				MTL_FAST_MATH = YES;
				SDKROOT = iphoneos;
				SWIFT_COMPILATION_MODE = wholemodule;
				SWIFT_OPTIMIZATION_LEVEL = "-O";
				VALIDATE_PRODUCT = YES;
			};
			name = Release;
		};
		1DC7F2A828D9E46300948DCC /* Debug */ = {
			isa = XCBuildConfiguration;
			buildSettings = {
				ASSETCATALOG_COMPILER_APPICON_NAME = AppIcon;
				ASSETCATALOG_COMPILER_GLOBAL_ACCENT_COLOR_NAME = AccentColor;
				CODE_SIGN_STYLE = Automatic;
				CURRENT_PROJECT_VERSION = 1;
				DEVELOPMENT_ASSET_PATHS = "\"counter/Preview Content\"";
				DEVELOPMENT_TEAM = SX5J72PCDG;
				ENABLE_PREVIEWS = YES;
				GENERATE_INFOPLIST_FILE = YES;
				INFOPLIST_KEY_UIApplicationSceneManifest_Generation = YES;
				INFOPLIST_KEY_UIApplicationSupportsIndirectInputEvents = YES;
				INFOPLIST_KEY_UILaunchScreen_Generation = YES;
				INFOPLIST_KEY_UISupportedInterfaceOrientations_iPad = "UIInterfaceOrientationPortrait UIInterfaceOrientationPortraitUpsideDown UIInterfaceOrientationLandscapeLeft UIInterfaceOrientationLandscapeRight";
				INFOPLIST_KEY_UISupportedInterfaceOrientations_iPhone = "UIInterfaceOrientationPortrait UIInterfaceOrientationLandscapeLeft UIInterfaceOrientationLandscapeRight";
				LD_RUNPATH_SEARCH_PATHS = (
					"$(inherited)",
					"@executable_path/Frameworks",
				);
				MARKETING_VERSION = 1.0;
				PRODUCT_BUNDLE_IDENTIFIER = com.kentakoong.counter;
				PRODUCT_NAME = "$(TARGET_NAME)";
				SWIFT_EMIT_LOC_STRINGS = YES;
				SWIFT_VERSION = 5.0;
				TARGETED_DEVICE_FAMILY = "1,2";
			};
			name = Debug;
		};
		1DC7F2A928D9E46300948DCC /* Release */ = {
			isa = XCBuildConfiguration;
			buildSettings = {
				ASSETCATALOG_COMPILER_APPICON_NAME = AppIcon;
				ASSETCATALOG_COMPILER_GLOBAL_ACCENT_COLOR_NAME = AccentColor;
				CODE_SIGN_STYLE = Automatic;
				CURRENT_PROJECT_VERSION = 1;
				DEVELOPMENT_ASSET_PATHS = "\"counter/Preview Content\"";
				DEVELOPMENT_TEAM = SX5J72PCDG;
				ENABLE_PREVIEWS = YES;
				GENERATE_INFOPLIST_FILE = YES;
				INFOPLIST_KEY_UIApplicationSceneManifest_Generation = YES;
				INFOPLIST_KEY_UIApplicationSupportsIndirectInputEvents = YES;
				INFOPLIST_KEY_UILaunchScreen_Generation = YES;
				INFOPLIST_KEY_UISupportedInterfaceOrientations_iPad = "UIInterfaceOrientationPortrait UIInterfaceOrientationPortraitUpsideDown UIInterfaceOrientationLandscapeLeft UIInterfaceOrientationLandscapeRight";
				INFOPLIST_KEY_UISupportedInterfaceOrientations_iPhone = "UIInterfaceOrientationPortrait UIInterfaceOrientationLandscapeLeft UIInterfaceOrientationLandscapeRight";
				LD_RUNPATH_SEARCH_PATHS = (
					"$(inherited)",
					"@executable_path/Frameworks",
				);
				MARKETING_VERSION = 1.0;
				PRODUCT_BUNDLE_IDENTIFIER = com.kentakoong.counter;
				PRODUCT_NAME = "$(TARGET_NAME)";
				SWIFT_EMIT_LOC_STRINGS = YES;
				SWIFT_VERSION = 5.0;
				TARGETED_DEVICE_FAMILY = "1,2";
			};
			name = Release;
		};
/* End XCBuildConfiguration section */

/* Begin XCConfigurationList section */
		1DC7F29428D9E45F00948DCC /* Build configuration list for PBXProject "counter" */ = {
			isa = XCConfigurationList;
			buildConfigurations = (
				1DC7F2A528D9E46300948DCC /* Debug */,
				1DC7F2A628D9E46300948DCC /* Release */,
			);
			defaultConfigurationIsVisible = 0;
			defaultConfigurationName = Release;
		};
		1DC7F2A728D9E46300948DCC /* Build configuration list for PBXNativeTarget "counter" */ = {
			isa = XCConfigurationList;
			buildConfigurations = (
				1DC7F2A828D9E46300948DCC /* Debug */,
				1DC7F2A928D9E46300948DCC /* Release */,
			);
			defaultConfigurationIsVisible = 0;
			defaultConfigurationName = Release;
		};
/* End XCConfigurationList section */
	};
	rootObject = 1DC7F29128D9E45F00948DCC /* Project object */;
}
